
Microsoft Visual Studio Solution File, Format Version 12.00
# Visual Studio Version 17
VisualStudioVersion = 17.4.33213.308
MinimumVisualStudioVersion = 10.0.40219.1
Project("{FAE04EC0-301F-11D3-BF4B-00C04F79EFBC}") = "MyMvcProject.WebApp", "MyMvcProject.WebApp\MyMvcProject.WebApp.csproj", "{CC91FA5A-7401-4A47-A7FB-CDBD14938B67}"
EndProject
Project("{FAE04EC0-301F-11D3-BF4B-00C04F79EFBC}") = "MyMvcProject.Entities", "MyMvcProject.Entities\MyMvcProject.Entities.csproj", "{C9DA74DD-1613-484F-B5A2-092302D215DD}"
EndProject
Project("{FAE04EC0-301F-11D3-BF4B-00C04F79EFBC}") = "MyMvcProject.DataAccessLayer", "MyMvcProject.DataAccessLayer\MyMvcProject.DataAccessLayer.csproj", "{DA05106C-3290-41CD-B855-DA2746C39845}"
EndProject
Project("{FAE04EC0-301F-11D3-BF4B-00C04F79EFBC}") = "MyMvcProject.BusinessLayer", "MyMvcProject.BusinessLayer\MyMvcProject.BusinessLayer.csproj", "{144C63ED-84FE-4C56-971E-2E05E621BF62}"
EndProject
Project("{FAE04EC0-301F-11D3-BF4B-00C04F79EFBC}") = "MyMvcProject.CommonLayer", "MyMvcProject.CommonLayer\MyMvcProject.CommonLayer.csproj", "{114F2FAD-7D66-4AE9-A55C-F4AB2B22C1D8}"
EndProject
Global
	GlobalSection(SolutionConfigurationPlatforms) = preSolution
		Debug|Any CPU = Debug|Any CPU
		Release|Any CPU = Release|Any CPU
	EndGlobalSection
	GlobalSection(ProjectConfigurationPlatforms) = postSolution
		{CC91FA5A-7401-4A47-A7FB-CDBD14938B67}.Debug|Any CPU.ActiveCfg = Debug|Any CPU
		{CC91FA5A-7401-4A47-A7FB-CDBD14938B67}.Debug|Any CPU.Build.0 = Debug|Any CPU
		{CC91FA5A-7401-4A47-A7FB-CDBD14938B67}.Release|Any CPU.ActiveCfg = Release|Any CPU
		{CC91FA5A-7401-4A47-A7FB-CDBD14938B67}.Release|Any CPU.Build.0 = Release|Any CPU
		{C9DA74DD-1613-484F-B5A2-092302D215DD}.Debug|Any CPU.ActiveCfg = Debug|Any CPU
		{C9DA74DD-1613-484F-B5A2-092302D215DD}.Debug|Any CPU.Build.0 = Debug|Any CPU
		{C9DA74DD-1613-484F-B5A2-092302D215DD}.Release|Any CPU.ActiveCfg = Release|Any CPU
		{C9DA74DD-1613-484F-B5A2-092302D215DD}.Release|Any CPU.Build.0 = Release|Any CPU
		{DA05106C-3290-41CD-B855-DA2746C39845}.Debug|Any CPU.ActiveCfg = Debug|Any CPU
		{DA05106C-3290-41CD-B855-DA2746C39845}.Debug|Any CPU.Build.0 = Debug|Any CPU
		{DA05106C-3290-41CD-B855-DA2746C39845}.Release|Any CPU.ActiveCfg = Release|Any CPU
		{DA05106C-3290-41CD-B855-DA2746C39845}.Release|Any CPU.Build.0 = Release|Any CPU
		{144C63ED-84FE-4C56-971E-2E05E621BF62}.Debug|Any CPU.ActiveCfg = Debug|Any CPU
		{144C63ED-84FE-4C56-971E-2E05E621BF62}.Debug|Any CPU.Build.0 = Debug|Any CPU
		{144C63ED-84FE-4C56-971E-2E05E621BF62}.Release|Any CPU.ActiveCfg = Release|Any CPU
		{144C63ED-84FE-4C56-971E-2E05E621BF62}.Release|Any CPU.Build.0 = Release|Any CPU
		{114F2FAD-7D66-4AE9-A55C-F4AB2B22C1D8}.Debug|Any CPU.ActiveCfg = Debug|Any CPU
		{114F2FAD-7D66-4AE9-A55C-F4AB2B22C1D8}.Debug|Any CPU.Build.0 = Debug|Any CPU
		{114F2FAD-7D66-4AE9-A55C-F4AB2B22C1D8}.Release|Any CPU.ActiveCfg = Release|Any CPU
		{114F2FAD-7D66-4AE9-A55C-F4AB2B22C1D8}.Release|Any CPU.Build.0 = Release|Any CPU
	EndGlobalSection
	GlobalSection(SolutionProperties) = preSolution
		HideSolutionNode = FALSE
	EndGlobalSection
	GlobalSection(ExtensibilityGlobals) = postSolution
		SolutionGuid = {6D71AEE0-1405-4DB4-B157-FF61DC985418}
	EndGlobalSection
EndGlobal
